{
  "name": "hhyy",
  "version": "1.0.0",
  "lockfileVersion": 1,
  "requires": true,
  "dependencies": {
    "wuss-weapp": {
      "version": "2.1.4",
      "resolved": "https://registry.npmjs.org/wuss-weapp/-/wuss-weapp-2.1.4.tgz",
      "integrity": "sha512-BvF3/uPrq2zU1icLgJEkpRerBE6CuG2mY4b0uxXCuvRcq7gBY4hbeCnNmBxPOKZV9zqXDOMhGWHVmGnysqZYGA=="
    }
  }
}
